
Microsoft Visual Studio Solution File, Format Version 12.00
# Visual Studio Version 16
VisualStudioVersion = 16.0.31624.102
MinimumVisualStudioVersion = 10.0.40219.1
Project("{FAE04EC0-301F-11D3-BF4B-00C04F79EFBC}") = "Chapter2Exercises", "Chapter2Exercises.csproj", "{C63EC52E-54B5-47E3-A001-BF8B556F1B0E}"
EndProject
Global
	GlobalSection(SolutionConfigurationPlatforms) = preSolution
		Debug|Any CPU = Debug|Any CPU
		Release|Any CPU = Release|Any CPU
	EndGlobalSection
	GlobalSection(ProjectConfigurationPlatforms) = postSolution
		{C63EC52E-54B5-47E3-A001-BF8B556F1B0E}.Debug|Any CPU.ActiveCfg = Debug|Any CPU
		{C63EC52E-54B5-47E3-A001-BF8B556F1B0E}.Debug|Any CPU.Build.0 = Debug|Any CPU
		{C63EC52E-54B5-47E3-A001-BF8B556F1B0E}.Release|Any CPU.ActiveCfg = Release|Any CPU
		{C63EC52E-54B5-47E3-A001-BF8B556F1B0E}.Release|Any CPU.Build.0 = Release|Any CPU
	EndGlobalSection
	GlobalSection(SolutionProperties) = preSolution
		HideSolutionNode = FALSE
	EndGlobalSection
	GlobalSection(ExtensibilityGlobals) = postSolution
		SolutionGuid = {05EB05F8-5E5F-4E2A-8080-04ACA49F3EFB}
	EndGlobalSection
EndGlobal
